{
  "name": "boolean-html-js-exercises",
  "version": "0.1.0",
  "lockfileVersion": 1,
  "requires": true,
  "dependencies": {
    "accepts": {
      "version": "1.3.4",
      "resolved": "https://packages.it.lan.com:443/artifactory/api/npm/lnpm/accepts/-/accepts-1.3.4.tgz",
      "integrity": "sha1-hiRnWMfdbSGmR0/whKR0DsBesh8=",
      "requires": {
        "mime-types": "2.1.17",
        "negotiator": "0.6.1"
      }
    },
    "balanced-match": {
      "version": "1.0.0",
      "resolved": "https://packages.it.lan.com:443/artifactory/api/npm/lnpm/balanced-match/-/balanced-match-1.0.0.tgz",
      "integrity": "sha1-ibTRmasr7kneFk6gK4nORi1xt2c="
    },
    "batch": {
      "version": "0.6.1",
      "resolved": "https://packages.it.lan.com:443/artifactory/api/npm/lnpm/batch/-/batch-0.6.1.tgz",
      "integrity": "sha1-3DQxT05nkxgJP8dgJyUl+UvyXBY="
    },
    "body-parser": {
      "version": "1.14.2",
      "resolved": "https://packages.it.lan.com:443/artifactory/api/npm/lnpm/body-parser/-/body-parser-1.14.2.tgz",
      "integrity": "sha1-EBXLH+LEQ4WCWVgdtTMy+NDPUPk=",
      "requires": {
        "bytes": "2.2.0",
        "content-type": "1.0.2",
        "debug": "2.2.0",
        "depd": "1.1.1",
        "http-errors": "1.3.1",
        "iconv-lite": "0.4.13",
        "on-finished": "2.3.0",
        "qs": "5.2.0",
        "raw-body": "2.1.7",
        "type-is": "1.6.15"
      },
      "dependencies": {
        "debug": {
          "version": "2.2.0",
          "resolved": "https://packages.it.lan.com:443/artifactory/api/npm/lnpm/debug/-/debug-2.2.0.tgz",
          "integrity": "sha1-+HBX6ZWxofauaklgZkE3vFbwOdo=",
          "requires": {
            "ms": "0.7.1"
          }
        },
        "http-errors": {
          "version": "1.3.1",
          "resolved": "https://packages.it.lan.com:443/artifactory/api/npm/lnpm/http-errors/-/http-errors-1.3.1.tgz",
          "integrity": "sha1-GX4izevUGYWF6GlO9nhhl7ke2UI=",
          "requires": {
            "inherits": "2.0.3",
            "statuses": "1.3.1"
          }
        },
        "ms": {
          "version": "0.7.1",
          "resolved": "https://packages.it.lan.com:443/artifactory/api/npm/lnpm/ms/-/ms-0.7.1.tgz",
          "integrity": "sha1-nNE8A62/8ltl7/3nzoZO6VIBcJg="
        },
        "qs": {
          "version": "5.2.0",
          "resolved": "https://packages.it.lan.com:443/artifactory/api/npm/lnpm/qs/-/qs-5.2.0.tgz",
          "integrity": "sha1-qfMRQq9GjLcrJbMBNrokVoNJFr4="
        }
      }
    },
    "brace-expansion": {
      "version": "1.1.8",
      "resolved": "https://packages.it.lan.com:443/artifactory/api/npm/lnpm/brace-expansion/-/brace-expansion-1.1.8.tgz",
      "integrity": "sha1-wHshHHyVLsH479Uad+8NHTmQopI=",
      "requires": {
        "balanced-match": "1.0.0",
        "concat-map": "0.0.1"
      }
    },
    "bytes": {
      "version": "2.2.0",
      "resolved": "https://packages.it.lan.com:443/artifactory/api/npm/lnpm/bytes/-/bytes-2.2.0.tgz",
      "integrity": "sha1-/TVGSkA/b5EXwt42Cez/nK4ABYg="
    },
    "commander": {
      "version": "2.11.0",
      "resolved": "https://packages.it.lan.com:443/artifactory/api/npm/lnpm/commander/-/commander-2.11.0.tgz",
      "integrity": "sha1-FXFS/R56bI2YpbcVzzdt+SgARWM="
    },
    "concat-map": {
      "version": "0.0.1",
      "resolved": "https://packages.it.lan.com:443/artifactory/api/npm/lnpm/concat-map/-/concat-map-0.0.1.tgz",
      "integrity": "sha1-2Klr13/Wjfd5OnMDajug1UBdR3s="
    },
    "connect": {
      "version": "3.6.3",
      "resolved": "https://packages.it.lan.com:443/artifactory/api/npm/lnpm/connect/-/connect-3.6.3.tgz",
      "integrity": "sha1-9zINRqJbS+e0g6IjZRfySx4n4wE=",
      "requires": {
        "debug": "2.6.8",
        "finalhandler": "1.0.4",
        "parseurl": "1.3.1",
        "utils-merge": "1.0.0"
      }
    },
    "connect-livereload": {
      "version": "0.5.4",
      "resolved": "https://packages.it.lan.com:443/artifactory/api/npm/lnpm/connect-livereload/-/connect-livereload-0.5.4.tgz",
      "integrity": "sha1-gBV9E3HJ83zBQDmrGJWXDRGdw7w="
    },
    "content-type": {
      "version": "1.0.2",
      "resolved": "https://packages.it.lan.com:443/artifactory/api/npm/lnpm/content-type/-/content-type-1.0.2.tgz",
      "integrity": "sha1-t9ETrueo3Se9IRM8TcJSnfFyHu0="
    },
    "debug": {
      "version": "2.6.8",
      "resolved": "https://packages.it.lan.com:443/artifactory/api/npm/lnpm/debug/-/debug-2.6.8.tgz",
      "integrity": "sha1-5zFTHKLt4n0YgiJCfaF4IdaP9Pw=",
      "requires": {
        "ms": "2.0.0"
      }
    },
    "depd": {
      "version": "1.1.1",
      "resolved": "https://packages.it.lan.com:443/artifactory/api/npm/lnpm/depd/-/depd-1.1.1.tgz",
      "integrity": "sha1-V4O04cRZ8G+lyif5kfPQbnoxA1k="
    },
    "destroy": {
      "version": "1.0.4",
      "resolved": "https://packages.it.lan.com:443/artifactory/api/npm/lnpm/destroy/-/destroy-1.0.4.tgz",
      "integrity": "sha1-l4hXRCxEdJ5CBmE+N5RiBYJqvYA="
    },
    "ee-first": {
      "version": "1.1.1",
      "resolved": "https://packages.it.lan.com:443/artifactory/api/npm/lnpm/ee-first/-/ee-first-1.1.1.tgz",
      "integrity": "sha1-WQxhFWsK4vTwJVcyoViyZrxWsh0="
    },
    "encodeurl": {
      "version": "1.0.1",
      "resolved": "https://packages.it.lan.com:443/artifactory/api/npm/lnpm/encodeurl/-/encodeurl-1.0.1.tgz",
      "integrity": "sha1-eePVhlU0aQn+bw9Fpd5oEDspTSA="
    },
    "escape-html": {
      "version": "1.0.3",
      "resolved": "https://packages.it.lan.com:443/artifactory/api/npm/lnpm/escape-html/-/escape-html-1.0.3.tgz",
      "integrity": "sha1-Aljq5NPQwJdN4cFpGI7wBR0dGYg="
    },
    "etag": {
      "version": "1.8.0",
      "resolved": "https://packages.it.lan.com:443/artifactory/api/npm/lnpm/etag/-/etag-1.8.0.tgz",
      "integrity": "sha1-b2Ma7zNtbEY2K1F2QETOIWvjwFE="
    },
    "faye-websocket": {
      "version": "0.10.0",
      "resolved": "https://packages.it.lan.com:443/artifactory/api/npm/lnpm/faye-websocket/-/faye-websocket-0.10.0.tgz",
      "integrity": "sha1-TkkvjQTftviQA1B/btvy1QHnxvQ=",
      "requires": {
        "websocket-driver": "0.6.5"
      }
    },
    "finalhandler": {
      "version": "1.0.4",
      "resolved": "https://packages.it.lan.com:443/artifactory/api/npm/lnpm/finalhandler/-/finalhandler-1.0.4.tgz",
      "integrity": "sha1-GFdPLnxLmLiuOyMMIfIB8xvbP7c=",
      "requires": {
        "debug": "2.6.8",
        "encodeurl": "1.0.1",
        "escape-html": "1.0.3",
        "on-finished": "2.3.0",
        "parseurl": "1.3.1",
        "statuses": "1.3.1",
        "unpipe": "1.0.0"
      }
    },
    "fresh": {
      "version": "0.5.0",
      "resolved": "https://packages.it.lan.com:443/artifactory/api/npm/lnpm/fresh/-/fresh-0.5.0.tgz",
      "integrity": "sha1-9HTKXmqSRtb9jglTz6m5yAWvp44="
    },
    "fs.realpath": {
      "version": "1.0.0",
      "resolved": "https://packages.it.lan.com:443/artifactory/api/npm/lnpm/fs.realpath/-/fs.realpath-1.0.0.tgz",
      "integrity": "sha1-FQStJSMVjKpA20onh8sBQRmU6k8="
    },
    "gaze": {
      "version": "1.1.2",
      "resolved": "https://packages.it.lan.com:443/artifactory/api/npm/lnpm/gaze/-/gaze-1.1.2.tgz",
      "integrity": "sha1-hHIkZ3rbiHDWeSV+0ziP22HkAQU=",
      "requires": {
        "globule": "1.2.0"
      }
    },
    "glob": {
      "version": "7.1.2",
      "resolved": "https://packages.it.lan.com:443/artifactory/api/npm/lnpm/glob/-/glob-7.1.2.tgz",
      "integrity": "sha1-wZyd+aAocC1nhhI4SmVSQExjbRU=",
      "requires": {
        "fs.realpath": "1.0.0",
        "inflight": "1.0.6",
        "inherits": "2.0.3",
        "minimatch": "3.0.4",
        "once": "1.4.0",
        "path-is-absolute": "1.0.1"
      }
    },
    "globule": {
      "version": "1.2.0",
      "resolved": "https://packages.it.lan.com:443/artifactory/api/npm/lnpm/globule/-/globule-1.2.0.tgz",
      "integrity": "sha1-HcScaCLdnoovoAuiopUAboZkvQk=",
      "requires": {
        "glob": "7.1.2",
        "lodash": "4.17.4",
        "minimatch": "3.0.4"
      }
    },
    "http-errors": {
      "version": "1.6.2",
      "resolved": "https://packages.it.lan.com:443/artifactory/api/npm/lnpm/http-errors/-/http-errors-1.6.2.tgz",
      "integrity": "sha1-CgAsyFcHGSp+eUbO7cERVfYOxzY=",
      "requires": {
        "depd": "1.1.1",
        "inherits": "2.0.3",
        "setprototypeof": "1.0.3",
        "statuses": "1.3.1"
      }
    },
    "iconv-lite": {
      "version": "0.4.13",
      "resolved": "https://packages.it.lan.com:443/artifactory/api/npm/lnpm/iconv-lite/-/iconv-lite-0.4.13.tgz",
      "integrity": "sha1-H4irpKsLFQjoMSrMOTRfNumS4vI="
    },
    "inflight": {
      "version": "1.0.6",
      "resolved": "https://packages.it.lan.com:443/artifactory/api/npm/lnpm/inflight/-/inflight-1.0.6.tgz",
      "integrity": "sha1-Sb1jMdfQLQwJvJEKEHW6gWW1bfk=",
      "requires": {
        "once": "1.4.0",
        "wrappy": "1.0.2"
      }
    },
    "inherits": {
      "version": "2.0.3",
      "resolved": "https://packages.it.lan.com:443/artifactory/api/npm/lnpm/inherits/-/inherits-2.0.3.tgz",
      "integrity": "sha1-Yzwsg+PaQqUC9SRmAiSA9CCCYd4="
    },
    "livereload-js": {
      "version": "2.2.2",
      "resolved": "https://packages.it.lan.com:443/artifactory/api/npm/lnpm/livereload-js/-/livereload-js-2.2.2.tgz",
      "integrity": "sha1-bIclfmSKtHW8JOoldFftzB+NC8I="
    },
    "lodash": {
      "version": "4.17.4",
      "resolved": "https://packages.it.lan.com:443/artifactory/api/npm/lnpm/lodash/-/lodash-4.17.4.tgz",
      "integrity": "sha1-eCA6TRwyiuHYbcpkYONptX9AVa4="
    },
    "lodash.debounce": {
      "version": "4.0.8",
      "resolved": "https://packages.it.lan.com:443/artifactory/api/npm/lnpm/lodash.debounce/-/lodash.debounce-4.0.8.tgz",
      "integrity": "sha1-gteb/zCmfEAF/9XiUVMArZyk168="
    },
    "lr-http-server": {
      "version": "0.1.5",
      "resolved": "https://packages.it.lan.com:443/artifactory/api/npm/lnpm/lr-http-server/-/lr-http-server-0.1.5.tgz",
      "integrity": "sha1-jpeB1tKuFS4h1owTOGK+EawgKdI=",
      "requires": {
        "commander": "2.11.0",
        "connect": "3.6.3",
        "connect-livereload": "0.5.4",
        "gaze": "1.1.2",
        "lodash.debounce": "4.0.8",
        "open": "0.0.5",
        "serve-index": "1.9.0",
        "serve-static": "1.12.4",
        "tiny-lr": "0.2.1"
      }
    },
    "media-typer": {
      "version": "0.3.0",
      "resolved": "https://packages.it.lan.com:443/artifactory/api/npm/lnpm/media-typer/-/media-typer-0.3.0.tgz",
      "integrity": "sha1-hxDXrwqmJvj/+hzgAWhUUmMlV0g="
    },
    "mime": {
      "version": "1.3.4",
      "resolved": "https://packages.it.lan.com:443/artifactory/api/npm/lnpm/mime/-/mime-1.3.4.tgz",
      "integrity": "sha1-EV+eO2s9rylZmDyzjxSaLUDrXVM="
    },
    "mime-db": {
      "version": "1.30.0",
      "resolved": "https://packages.it.lan.com:443/artifactory/api/npm/lnpm/mime-db/-/mime-db-1.30.0.tgz",
      "integrity": "sha1-dMZD2i3Z1qRTmZY0ZbJtXKfXHwE="
    },
    "mime-types": {
      "version": "2.1.17",
      "resolved": "https://packages.it.lan.com:443/artifactory/api/npm/lnpm/mime-types/-/mime-types-2.1.17.tgz",
      "integrity": "sha1-Cdejk/A+mVp5+K+Fe3Cp4KsWVXo=",
      "requires": {
        "mime-db": "1.30.0"
      }
    },
    "minimatch": {
      "version": "3.0.4",
      "resolved": "https://packages.it.lan.com:443/artifactory/api/npm/lnpm/minimatch/-/minimatch-3.0.4.tgz",
      "integrity": "sha1-UWbihkV/AzBgZL5Ul+jbsMPTIIM=",
      "requires": {
        "brace-expansion": "1.1.8"
      }
    },
    "ms": {
      "version": "2.0.0",
      "resolved": "https://packages.it.lan.com:443/artifactory/api/npm/lnpm/ms/-/ms-2.0.0.tgz",
      "integrity": "sha1-VgiurfwAvmwpAd9fmGF4jeDVl8g="
    },
    "negotiator": {
      "version": "0.6.1",
      "resolved": "https://packages.it.lan.com:443/artifactory/api/npm/lnpm/negotiator/-/negotiator-0.6.1.tgz",
      "integrity": "sha1-KzJxhOiZIQEXeyhWP7XnECrNDKk="
    },
    "on-finished": {
      "version": "2.3.0",
      "resolved": "https://packages.it.lan.com:443/artifactory/api/npm/lnpm/on-finished/-/on-finished-2.3.0.tgz",
      "integrity": "sha1-IPEzZIGwg811M3mSoWlxqi2QaUc=",
      "requires": {
        "ee-first": "1.1.1"
      }
    },
    "once": {
      "version": "1.4.0",
      "resolved": "https://packages.it.lan.com:443/artifactory/api/npm/lnpm/once/-/once-1.4.0.tgz",
      "integrity": "sha1-WDsap3WWHUsROsF9nFC6753Xa9E=",
      "requires": {
        "wrappy": "1.0.2"
      }
    },
    "open": {
      "version": "0.0.5",
      "resolved": "https://packages.it.lan.com:443/artifactory/api/npm/lnpm/open/-/open-0.0.5.tgz",
      "integrity": "sha1-QsPhjslUZra/DcQvOilFw/DK2Pw="
    },
    "parseurl": {
      "version": "1.3.1",
      "resolved": "https://packages.it.lan.com:443/artifactory/api/npm/lnpm/parseurl/-/parseurl-1.3.1.tgz",
      "integrity": "sha1-yKuMkiO6NIiKpkopeyiFO+wY2lY="
    },
    "path-is-absolute": {
      "version": "1.0.1",
      "resolved": "https://packages.it.lan.com:443/artifactory/api/npm/lnpm/path-is-absolute/-/path-is-absolute-1.0.1.tgz",
      "integrity": "sha1-F0uSaHNVNP+8es5r9TpanhtcX18="
    },
    "qs": {
      "version": "5.1.0",
      "resolved": "https://packages.it.lan.com:443/artifactory/api/npm/lnpm/qs/-/qs-5.1.0.tgz",
      "integrity": "sha1-TZMuXH6kEcynajEtOaYGIA/VDNk="
    },
    "range-parser": {
      "version": "1.2.0",
      "resolved": "https://packages.it.lan.com:443/artifactory/api/npm/lnpm/range-parser/-/range-parser-1.2.0.tgz",
      "integrity": "sha1-9JvmtIeJTdxA3MlKMi9hEJLgDV4="
    },
    "raw-body": {
      "version": "2.1.7",
      "resolved": "https://packages.it.lan.com:443/artifactory/api/npm/lnpm/raw-body/-/raw-body-2.1.7.tgz",
      "integrity": "sha1-rf6s4uT7MJgFgBTQjActzFl1h3Q=",
      "requires": {
        "bytes": "2.4.0",
        "iconv-lite": "0.4.13",
        "unpipe": "1.0.0"
      },
      "dependencies": {
        "bytes": {
          "version": "2.4.0",
          "resolved": "https://packages.it.lan.com:443/artifactory/api/npm/lnpm/bytes/-/bytes-2.4.0.tgz",
          "integrity": "sha1-fZcZb51br39pNeJZhVSe3SpsIzk="
        }
      }
    },
    "send": {
      "version": "0.15.4",
      "resolved": "https://packages.it.lan.com:443/artifactory/api/npm/lnpm/send/-/send-0.15.4.tgz",
      "integrity": "sha1-mF+qPihLAnPHkzZKNcZze9k5Bbk=",
      "requires": {
        "debug": "2.6.8",
        "depd": "1.1.1",
        "destroy": "1.0.4",
        "encodeurl": "1.0.1",
        "escape-html": "1.0.3",
        "etag": "1.8.0",
        "fresh": "0.5.0",
        "http-errors": "1.6.2",
        "mime": "1.3.4",
        "ms": "2.0.0",
        "on-finished": "2.3.0",
        "range-parser": "1.2.0",
        "statuses": "1.3.1"
      }
    },
    "serve-index": {
      "version": "1.9.0",
      "resolved": "https://packages.it.lan.com:443/artifactory/api/npm/lnpm/serve-index/-/serve-index-1.9.0.tgz",
      "integrity": "sha1-0rKA/FYNYW7oG0i/D6gqvtJIXOc=",
      "requires": {
        "accepts": "1.3.4",
        "batch": "0.6.1",
        "debug": "2.6.8",
        "escape-html": "1.0.3",
        "http-errors": "1.6.2",
        "mime-types": "2.1.17",
        "parseurl": "1.3.1"
      }
    },
    "serve-static": {
      "version": "1.12.4",
      "resolved": "https://packages.it.lan.com:443/artifactory/api/npm/lnpm/serve-static/-/serve-static-1.12.4.tgz",
      "integrity": "sha1-m2qpjutyU8Tu3Ewfb9vKYJkBqWE=",
      "requires": {
        "encodeurl": "1.0.1",
        "escape-html": "1.0.3",
        "parseurl": "1.3.1",
        "send": "0.15.4"
      }
    },
    "setprototypeof": {
      "version": "1.0.3",
      "resolved": "https://packages.it.lan.com:443/artifactory/api/npm/lnpm/setprototypeof/-/setprototypeof-1.0.3.tgz",
      "integrity": "sha1-ZlZ+NwQ+608E2RvWWMDL77VbjgQ="
    },
    "statuses": {
      "version": "1.3.1",
      "resolved": "https://packages.it.lan.com:443/artifactory/api/npm/lnpm/statuses/-/statuses-1.3.1.tgz",
      "integrity": "sha1-+vUbnrdKrvOzrPStX2Gr8ky3uT4="
    },
    "tiny-lr": {
      "version": "0.2.1",
      "resolved": "https://packages.it.lan.com:443/artifactory/api/npm/lnpm/tiny-lr/-/tiny-lr-0.2.1.tgz",
      "integrity": "sha1-s/26gC5dVqM8L28QeUsy5Hescp0=",
      "requires": {
        "body-parser": "1.14.2",
        "debug": "2.2.0",
        "faye-websocket": "0.10.0",
        "livereload-js": "2.2.2",
        "parseurl": "1.3.1",
        "qs": "5.1.0"
      },
      "dependencies": {
        "debug": {
          "version": "2.2.0",
          "resolved": "https://packages.it.lan.com:443/artifactory/api/npm/lnpm/debug/-/debug-2.2.0.tgz",
          "integrity": "sha1-+HBX6ZWxofauaklgZkE3vFbwOdo=",
          "requires": {
            "ms": "0.7.1"
          }
        },
        "ms": {
          "version": "0.7.1",
          "resolved": "https://packages.it.lan.com:443/artifactory/api/npm/lnpm/ms/-/ms-0.7.1.tgz",
          "integrity": "sha1-nNE8A62/8ltl7/3nzoZO6VIBcJg="
        }
      }
    },
    "type-is": {
      "version": "1.6.15",
      "resolved": "https://packages.it.lan.com:443/artifactory/api/npm/lnpm/type-is/-/type-is-1.6.15.tgz",
      "integrity": "sha1-yrEPtJCeRByChC6v4a1kbIGARBA=",
      "requires": {
        "media-typer": "0.3.0",
        "mime-types": "2.1.17"
      }
    },
    "unpipe": {
      "version": "1.0.0",
      "resolved": "https://packages.it.lan.com:443/artifactory/api/npm/lnpm/unpipe/-/unpipe-1.0.0.tgz",
      "integrity": "sha1-sr9O6FFKrmFltIF4KdIbLvSZBOw="
    },
    "utils-merge": {
      "version": "1.0.0",
      "resolved": "https://packages.it.lan.com:443/artifactory/api/npm/lnpm/utils-merge/-/utils-merge-1.0.0.tgz",
      "integrity": "sha1-ApT7kiu5N1FTVBxPcJYjHyh8ivg="
    },
    "websocket-driver": {
      "version": "0.6.5",
      "resolved": "https://packages.it.lan.com:443/artifactory/api/npm/lnpm/websocket-driver/-/websocket-driver-0.6.5.tgz",
      "integrity": "sha1-XLJVbOuF9Dc8bYI4qmkchFThOjY=",
      "requires": {
        "websocket-extensions": "0.1.1"
      }
    },
    "websocket-extensions": {
      "version": "0.1.1",
      "resolved": "https://packages.it.lan.com:443/artifactory/api/npm/lnpm/websocket-extensions/-/websocket-extensions-0.1.1.tgz",
      "integrity": "sha1-domUmcGEtu91Q3fC27DNbLVdKec="
    },
    "wrappy": {
      "version": "1.0.2",
      "resolved": "https://packages.it.lan.com:443/artifactory/api/npm/lnpm/wrappy/-/wrappy-1.0.2.tgz",
      "integrity": "sha1-tSQ9jz7BqjXxNkYFvA0QNuMKtp8="
    }
  }
}
